
Microsoft Visual Studio Solution File, Format Version 12.00
# Visual Studio 15
VisualStudioVersion = 15.0.27130.2026
MinimumVisualStudioVersion = 10.0.40219.1
Project("{9A19103F-16F7-4668-BE54-9A1E7A4F7556}") = "ProgrammingChallenge", "ProgrammingChallenge\ProgrammingChallenge.csproj", "{EE68D0EA-B11F-4B3B-B498-22141900C772}"
EndProject
Project("{FAE04EC0-301F-11D3-BF4B-00C04F79EFBC}") = "TestProject", "TestProject\TestProject.csproj", "{617E12DD-48DE-496F-9333-16AB2064A2F5}"
EndProject
Project("{FAE04EC0-301F-11D3-BF4B-00C04F79EFBC}") = "BinaryGapFirst", "BinaryGapFirst\BinaryGapFirst.csproj", "{6D53A935-7827-42E8-B5F8-FC0E644C6159}"
EndProject
Project("{FAE04EC0-301F-11D3-BF4B-00C04F79EFBC}") = "OddNumberFind", "OddNumberFind\OddNumberFind.csproj", "{EC1CED89-8F7A-47A6-8493-C21B393B477A}"
EndProject
Project("{FAE04EC0-301F-11D3-BF4B-00C04F79EFBC}") = "TapeEquilibirium", "TapeEquilibirium\TapeEquilibirium.csproj", "{AF03749D-3ABE-45C7-9931-5A9E9AE753F2}"
EndProject
Project("{FAE04EC0-301F-11D3-BF4B-00C04F79EFBC}") = "CountingElements", "CountingElements\CountingElements.csproj", "{BB16D094-8A0C-4AB0-BF5A-F230407725CC}"
EndProject
Project("{FAE04EC0-301F-11D3-BF4B-00C04F79EFBC}") = "FrogRiverOne", "FrogRiverOne\FrogRiverOne.csproj", "{6383DCAE-788A-46E3-A13A-A2912151083B}"
EndProject
Project("{FAE04EC0-301F-11D3-BF4B-00C04F79EFBC}") = "HSuperReducedStrings", "..\HackerRank\StringsProblems\HSuperReducedStrings\HSuperReducedStrings.csproj", "{5A03FBF7-36A0-4DA3-8523-7DED2AA5E02F}"
EndProject
Global
	GlobalSection(SolutionConfigurationPlatforms) = preSolution
		Debug|Any CPU = Debug|Any CPU
		Release|Any CPU = Release|Any CPU
	EndGlobalSection
	GlobalSection(ProjectConfigurationPlatforms) = postSolution
		{EE68D0EA-B11F-4B3B-B498-22141900C772}.Debug|Any CPU.ActiveCfg = Debug|Any CPU
		{EE68D0EA-B11F-4B3B-B498-22141900C772}.Debug|Any CPU.Build.0 = Debug|Any CPU
		{EE68D0EA-B11F-4B3B-B498-22141900C772}.Release|Any CPU.ActiveCfg = Release|Any CPU
		{EE68D0EA-B11F-4B3B-B498-22141900C772}.Release|Any CPU.Build.0 = Release|Any CPU
		{617E12DD-48DE-496F-9333-16AB2064A2F5}.Debug|Any CPU.ActiveCfg = Debug|Any CPU
		{617E12DD-48DE-496F-9333-16AB2064A2F5}.Debug|Any CPU.Build.0 = Debug|Any CPU
		{617E12DD-48DE-496F-9333-16AB2064A2F5}.Release|Any CPU.ActiveCfg = Release|Any CPU
		{617E12DD-48DE-496F-9333-16AB2064A2F5}.Release|Any CPU.Build.0 = Release|Any CPU
		{6D53A935-7827-42E8-B5F8-FC0E644C6159}.Debug|Any CPU.ActiveCfg = Debug|Any CPU
		{6D53A935-7827-42E8-B5F8-FC0E644C6159}.Debug|Any CPU.Build.0 = Debug|Any CPU
		{6D53A935-7827-42E8-B5F8-FC0E644C6159}.Release|Any CPU.ActiveCfg = Release|Any CPU
		{6D53A935-7827-42E8-B5F8-FC0E644C6159}.Release|Any CPU.Build.0 = Release|Any CPU
		{EC1CED89-8F7A-47A6-8493-C21B393B477A}.Debug|Any CPU.ActiveCfg = Debug|Any CPU
		{EC1CED89-8F7A-47A6-8493-C21B393B477A}.Debug|Any CPU.Build.0 = Debug|Any CPU
		{EC1CED89-8F7A-47A6-8493-C21B393B477A}.Release|Any CPU.ActiveCfg = Release|Any CPU
		{EC1CED89-8F7A-47A6-8493-C21B393B477A}.Release|Any CPU.Build.0 = Release|Any CPU
		{AF03749D-3ABE-45C7-9931-5A9E9AE753F2}.Debug|Any CPU.ActiveCfg = Debug|Any CPU
		{AF03749D-3ABE-45C7-9931-5A9E9AE753F2}.Debug|Any CPU.Build.0 = Debug|Any CPU
		{AF03749D-3ABE-45C7-9931-5A9E9AE753F2}.Release|Any CPU.ActiveCfg = Release|Any CPU
		{AF03749D-3ABE-45C7-9931-5A9E9AE753F2}.Release|Any CPU.Build.0 = Release|Any CPU
		{BB16D094-8A0C-4AB0-BF5A-F230407725CC}.Debug|Any CPU.ActiveCfg = Debug|Any CPU
		{BB16D094-8A0C-4AB0-BF5A-F230407725CC}.Debug|Any CPU.Build.0 = Debug|Any CPU
		{BB16D094-8A0C-4AB0-BF5A-F230407725CC}.Release|Any CPU.ActiveCfg = Release|Any CPU
		{BB16D094-8A0C-4AB0-BF5A-F230407725CC}.Release|Any CPU.Build.0 = Release|Any CPU
		{6383DCAE-788A-46E3-A13A-A2912151083B}.Debug|Any CPU.ActiveCfg = Debug|Any CPU
		{6383DCAE-788A-46E3-A13A-A2912151083B}.Debug|Any CPU.Build.0 = Debug|Any CPU
		{6383DCAE-788A-46E3-A13A-A2912151083B}.Release|Any CPU.ActiveCfg = Release|Any CPU
		{6383DCAE-788A-46E3-A13A-A2912151083B}.Release|Any CPU.Build.0 = Release|Any CPU
		{5A03FBF7-36A0-4DA3-8523-7DED2AA5E02F}.Debug|Any CPU.ActiveCfg = Debug|Any CPU
		{5A03FBF7-36A0-4DA3-8523-7DED2AA5E02F}.Debug|Any CPU.Build.0 = Debug|Any CPU
		{5A03FBF7-36A0-4DA3-8523-7DED2AA5E02F}.Release|Any CPU.ActiveCfg = Release|Any CPU
		{5A03FBF7-36A0-4DA3-8523-7DED2AA5E02F}.Release|Any CPU.Build.0 = Release|Any CPU
	EndGlobalSection
	GlobalSection(SolutionProperties) = preSolution
		HideSolutionNode = FALSE
	EndGlobalSection
	GlobalSection(ExtensibilityGlobals) = postSolution
		SolutionGuid = {B969F434-EF5C-418A-A208-DF18900C32B9}
	EndGlobalSection
EndGlobal
